<?xml version="1.0" encoding="utf-8"?>
<Project ToolsVersion="4.0" xmlns="http://schemas.microsoft.com/developer/msbuild/2003">
  <ItemGroup>
    <Filter Include="Source Files">
      <UniqueIdentifier>{4FC737F1-C7A5-4376-A066-2A32D752A2FF}</UniqueIdentifier>
      <Extensions>cpp;c;cc;cxx;c++;cppm;ixx;def;odl;idl;hpj;bat;asm;asmx</Extensions>
    </Filter>
    <Filter Include="Header Files">
      <UniqueIdentifier>{93995380-89BD-4b04-88EB-625FBE52EBFB}</UniqueIdentifier>
      <Extensions>h;hh;hpp;hxx;h++;hm;inl;inc;ipp;xsd</Extensions>
    </Filter>
    <Filter Include="Resource Files">
      <UniqueIdentifier>{67DA6AB6-F800-4c08-8B7A-83BB121AAD01}</UniqueIdentifier>
      <Extensions>rc;ico;cur;bmp;dlg;rc2;rct;bin;rgs;gif;jpg;jpeg;jpe;resx;tiff;tif;png;wav;mfcribbon-ms</Extensions>
    </Filter>
  </ItemGroup>
  <ItemGroup>
    <ClInclude Include="src\Distortion\DistortionProfile.h">
      <Filter>Source Files</Filter>
    </ClInclude>
    <ClInclude Include="src\Distortion\NoneDistortionProfile.h">
      <Filter>Source Files</Filter>
    </ClInclude>
    <ClInclude Include="src\Distortion\RadialBezierDistortionProfile.h">
      <Filter>Source Files</Filter>
    </ClInclude>
    <ClInclude Include="src\Driver\DeviceProvider.h">
      <Filter>Source Files</Filter>
    </ClInclude>
    <ClInclude Include="src\Driver\DeviceShim.h">
      <Filter>Source Files</Filter>
    </ClInclude>
    <ClInclude Include="src\Driver\DriverLog.h">
      <Filter>Source Files</Filter>
    </ClInclude>
    <ClInclude Include="src\Driver\Hooking\Hooking.h">
      <Filter>Source Files</Filter>
    </ClInclude>
    <ClInclude Include="src\Driver\Hooking\InterfaceHookInjector.h">
      <Filter>Source Files</Filter>
    </ClInclude>
    <ClInclude Include="src\Headsets\MeganeX8K.h">
      <Filter>Source Files</Filter>
    </ClInclude>
    <ClInclude Include="src\HiddenArea\HiddenArea.h">
      <Filter>Source Files</Filter>
    </ClInclude>
  </ItemGroup>
  <ItemGroup>
    <ClCompile Include="src\Driver\DeviceProvider.cpp">
      <Filter>Source Files</Filter>
    </ClCompile>
    <ClCompile Include="src\Driver\DeviceShim.cpp">
      <Filter>Source Files</Filter>
    </ClCompile>
    <ClCompile Include="src\Driver\DriverLog.cpp">
      <Filter>Source Files</Filter>
    </ClCompile>
    <ClCompile Include="src\Driver\Hooking\Hooking.cpp">
      <Filter>Source Files</Filter>
    </ClCompile>
    <ClCompile Include="src\Driver\Hooking\InterfaceHookInjector.cpp">
      <Filter>Source Files</Filter>
    </ClCompile>
    <ClCompile Include="src\Headsets\MeganeX8K.cpp">
      <Filter>Source Files</Filter>
    </ClCompile>
    <ClCompile Include="src\Distortion\RadialBezierDistortionProfile.cpp">
      <Filter>Source Files</Filter>
    </ClCompile>
    <ClCompile Include="src\Config\Config.cpp">
      <Filter>Source Files</Filter>
    </ClCompile>
    <ClCompile Include="src\Config\ConfigLoader.cpp">
      <Filter>Source Files</Filter>
    </ClCompile>
    <ClCompile Include="src\Driver\HmdDriverFactory.cpp">
      <Filter>Source Files</Filter>
    </ClCompile>
    <ClCompile Include="src\Distortion\DistortionProfileConstructor.cpp">
      <Filter>Source Files</Filter>
    </ClCompile>
    <ClCompile Include="src\HiddenArea\HiddenArea.cpp">
      <Filter>Source Files</Filter>
    </ClCompile>
    <ClCompile Include="src\Driver\ShaderReplacement.cpp">
      <Filter>Source Files</Filter>
    </ClCompile>
    <ClCompile Include="src\Driver\CompositorPlugin.cpp">
      <Filter>Source Files</Filter>
    </ClCompile>
    <ClCompile Include="..\ThirdParty\easywsclient\easywsclient.cpp">
      <Filter>Source Files</Filter>
    </ClCompile>
    <ClCompile Include="src\Headsets\GenericHeadset.cpp">
      <Filter>Source Files</Filter>
    </ClCompile>
    <ClCompile Include="src\Helpers\DisplayHelper.cpp">
      <Filter>Source Files</Filter>
    </ClCompile>
  </ItemGroup>
</Project>